
Microsoft Visual Studio Solution File, Format Version 12.00
# Visual Studio Version 17
VisualStudioVersion = 17.0.31903.59
MinimumVisualStudioVersion = 10.0.40219.1
Project("{FAE04EC0-301F-11D3-BF4B-00C04F79EFBC}") = "Broker.Abstractions", "Broker.Abstractions\Broker.Abstractions.csproj", "{6162E63E-6641-4D6E-B7BF-98F209A4035E}"
EndProject
Project("{FAE04EC0-301F-11D3-BF4B-00C04F79EFBC}") = "Broker.Configuration", "Broker.Configuration\Broker.Configuration.csproj", "{7D8A6CB7-FB66-44EA-8743-F3C598C7DCB6}"
EndProject
Global
	GlobalSection(SolutionConfigurationPlatforms) = preSolution
		Debug|Any CPU = Debug|Any CPU
		Release|Any CPU = Release|Any CPU
	EndGlobalSection
	GlobalSection(SolutionProperties) = preSolution
		HideSolutionNode = FALSE
	EndGlobalSection
	GlobalSection(ProjectConfigurationPlatforms) = postSolution
		{2B2DC03B-3AAD-46C5-949B-7959A6D7BD6F}.Debug|Any CPU.ActiveCfg = Debug|Any CPU
		{2B2DC03B-3AAD-46C5-949B-7959A6D7BD6F}.Debug|Any CPU.Build.0 = Debug|Any CPU
		{2B2DC03B-3AAD-46C5-949B-7959A6D7BD6F}.Release|Any CPU.ActiveCfg = Release|Any CPU
		{2B2DC03B-3AAD-46C5-949B-7959A6D7BD6F}.Release|Any CPU.Build.0 = Release|Any CPU
		{984FF837-03F6-47AD-8103-5507D6E64F73}.Debug|Any CPU.ActiveCfg = Debug|Any CPU
		{984FF837-03F6-47AD-8103-5507D6E64F73}.Debug|Any CPU.Build.0 = Debug|Any CPU
		{984FF837-03F6-47AD-8103-5507D6E64F73}.Release|Any CPU.ActiveCfg = Release|Any CPU
		{984FF837-03F6-47AD-8103-5507D6E64F73}.Release|Any CPU.Build.0 = Release|Any CPU
		{A86B2F53-F975-461A-A674-B03C371F14A1}.Debug|Any CPU.ActiveCfg = Debug|Any CPU
		{A86B2F53-F975-461A-A674-B03C371F14A1}.Debug|Any CPU.Build.0 = Debug|Any CPU
		{A86B2F53-F975-461A-A674-B03C371F14A1}.Release|Any CPU.ActiveCfg = Release|Any CPU
		{A86B2F53-F975-461A-A674-B03C371F14A1}.Release|Any CPU.Build.0 = Release|Any CPU
		{6162E63E-6641-4D6E-B7BF-98F209A4035E}.Debug|Any CPU.ActiveCfg = Debug|Any CPU
		{6162E63E-6641-4D6E-B7BF-98F209A4035E}.Debug|Any CPU.Build.0 = Debug|Any CPU
		{6162E63E-6641-4D6E-B7BF-98F209A4035E}.Release|Any CPU.ActiveCfg = Release|Any CPU
		{6162E63E-6641-4D6E-B7BF-98F209A4035E}.Release|Any CPU.Build.0 = Release|Any CPU
		{7D8A6CB7-FB66-44EA-8743-F3C598C7DCB6}.Debug|Any CPU.ActiveCfg = Debug|Any CPU
		{7D8A6CB7-FB66-44EA-8743-F3C598C7DCB6}.Debug|Any CPU.Build.0 = Debug|Any CPU
		{7D8A6CB7-FB66-44EA-8743-F3C598C7DCB6}.Release|Any CPU.ActiveCfg = Release|Any CPU
		{7D8A6CB7-FB66-44EA-8743-F3C598C7DCB6}.Release|Any CPU.Build.0 = Release|Any CPU
	EndGlobalSection
EndGlobal
